
Microsoft Visual Studio Solution File, Format Version 12.00
# Visual Studio Version 16
VisualStudioVersion = 16.0.29926.136
MinimumVisualStudioVersion = 10.0.40219.1
Project("{FAE04EC0-301F-11D3-BF4B-00C04F79EFBC}") = "BackEnd", "BackEnd\BackEnd.csproj", "{D5FA824F-1BBB-4416-BBD7-15C520E59AD8}"
EndProject
Global
	GlobalSection(SolutionConfigurationPlatforms) = preSolution
		Debug|Any CPU = Debug|Any CPU
		Release|Any CPU = Release|Any CPU
	EndGlobalSection
	GlobalSection(ProjectConfigurationPlatforms) = postSolution
		{D5FA824F-1BBB-4416-BBD7-15C520E59AD8}.Debug|Any CPU.ActiveCfg = Debug|Any CPU
		{D5FA824F-1BBB-4416-BBD7-15C520E59AD8}.Debug|Any CPU.Build.0 = Debug|Any CPU
		{D5FA824F-1BBB-4416-BBD7-15C520E59AD8}.Release|Any CPU.ActiveCfg = Release|Any CPU
		{D5FA824F-1BBB-4416-BBD7-15C520E59AD8}.Release|Any CPU.Build.0 = Release|Any CPU
	EndGlobalSection
	GlobalSection(SolutionProperties) = preSolution
		HideSolutionNode = FALSE
	EndGlobalSection
	GlobalSection(ExtensibilityGlobals) = postSolution
		SolutionGuid = {C6E00DD1-2575-4D22-898A-CA47E2C8A559}
	EndGlobalSection
EndGlobal
